
Microsoft Visual Studio Solution File, Format Version 12.00
# Visual Studio Version 17
VisualStudioVersion = 17.4.33103.184
MinimumVisualStudioVersion = 10.0.40219.1
Project("{FAE04EC0-301F-11D3-BF4B-00C04F79EFBC}") = "testRailways", "testRailways.csproj", "{693AAD46-7F33-4754-8E26-20E7B727FB02}"
EndProject
Global
	GlobalSection(SolutionConfigurationPlatforms) = preSolution
		Debug|Any CPU = Debug|Any CPU
		Release|Any CPU = Release|Any CPU
	EndGlobalSection
	GlobalSection(ProjectConfigurationPlatforms) = postSolution
		{693AAD46-7F33-4754-8E26-20E7B727FB02}.Debug|Any CPU.ActiveCfg = Debug|Any CPU
		{693AAD46-7F33-4754-8E26-20E7B727FB02}.Debug|Any CPU.Build.0 = Debug|Any CPU
		{693AAD46-7F33-4754-8E26-20E7B727FB02}.Release|Any CPU.ActiveCfg = Release|Any CPU
		{693AAD46-7F33-4754-8E26-20E7B727FB02}.Release|Any CPU.Build.0 = Release|Any CPU
	EndGlobalSection
	GlobalSection(SolutionProperties) = preSolution
		HideSolutionNode = FALSE
	EndGlobalSection
	GlobalSection(ExtensibilityGlobals) = postSolution
		SolutionGuid = {F36DB44C-00C7-477C-966D-EBD6E29017E5}
	EndGlobalSection
EndGlobal
